// !$*UTF8*$!
{
	archiveVersion = 1;
	classes = {
	};
	objectVersion = 46;
	objects = {

/* Begin PBXBuildFile section */
		B06E737A1AECA14F001954E5 /* Bolts.framework in Frameworks */ = {isa = PBXBuildFile; fileRef = B06E73761AECA14F001954E5 /* Bolts.framework */; };
		B06E737B1AECA14F001954E5 /* FBSDKCoreKit.framework in Frameworks */ = {isa = PBXBuildFile; fileRef = B06E73771AECA14F001954E5 /* FBSDKCoreKit.framework */; };
		B06E737C1AECA14F001954E5 /* FBSDKLoginKit.framework in Frameworks */ = {isa = PBXBuildFile; fileRef = B06E73781AECA14F001954E5 /* FBSDKLoginKit.framework */; };
		B06E737D1AECA14F001954E5 /* FBSDKShareKit.framework in Frameworks */ = {isa = PBXBuildFile; fileRef = B06E73791AECA14F001954E5 /* FBSDKShareKit.framework */; };
		B06E73801AECA948001954E5 /* DetailsViewController.m in Sources */ = {isa = PBXBuildFile; fileRef = B06E737F1AECA948001954E5 /* DetailsViewController.m */; };
		B07897921AECD2A800002EC4 /* 1.jpg in Resources */ = {isa = PBXBuildFile; fileRef = B078978D1AECD2A800002EC4 /* 1.jpg */; };
		B07897931AECD2A800002EC4 /* 2.jpg in Resources */ = {isa = PBXBuildFile; fileRef = B078978E1AECD2A800002EC4 /* 2.jpg */; };
		B07897941AECD2A800002EC4 /* 3.jpg in Resources */ = {isa = PBXBuildFile; fileRef = B078978F1AECD2A800002EC4 /* 3.jpg */; };
		B07897951AECD2A800002EC4 /* 4.jpg in Resources */ = {isa = PBXBuildFile; fileRef = B07897901AECD2A800002EC4 /* 4.jpg */; };
		B07897961AECD2A800002EC4 /* 5.jpg in Resources */ = {isa = PBXBuildFile; fileRef = B07897911AECD2A800002EC4 /* 5.jpg */; };
		B07897991AECD33700002EC4 /* left_disable.png in Resources */ = {isa = PBXBuildFile; fileRef = B07897981AECD33700002EC4 /* left_disable.png */; };
		B078979B1AECD34000002EC4 /* left_highlighted.png in Resources */ = {isa = PBXBuildFile; fileRef = B078979A1AECD34000002EC4 /* left_highlighted.png */; };
		B078979D1AECD34700002EC4 /* left_normal.png in Resources */ = {isa = PBXBuildFile; fileRef = B078979C1AECD34700002EC4 /* left_normal.png */; };
		B078979F1AECD34F00002EC4 /* right_disable.png in Resources */ = {isa = PBXBuildFile; fileRef = B078979E1AECD34F00002EC4 /* right_disable.png */; };
		B07897A11AECD35600002EC4 /* right_highlighted.png in Resources */ = {isa = PBXBuildFile; fileRef = B07897A01AECD35600002EC4 /* right_highlighted.png */; };
		B07897A31AECD35D00002EC4 /* right_normal.png in Resources */ = {isa = PBXBuildFile; fileRef = B07897A21AECD35D00002EC4 /* right_normal.png */; };
		B07897A51AECD44E00002EC4 /* imageDate.plist in Resources */ = {isa = PBXBuildFile; fileRef = B07897A41AECD44E00002EC4 /* imageDate.plist */; };
		B0D09EB11AD30389006D028B /* main.m in Sources */ = {isa = PBXBuildFile; fileRef = B0D09EB01AD30389006D028B /* main.m */; };
		B0D09EB41AD30389006D028B /* AppDelegate.m in Sources */ = {isa = PBXBuildFile; fileRef = B0D09EB31AD30389006D028B /* AppDelegate.m */; };
		B0D09EB71AD30389006D028B /* ViewController.m in Sources */ = {isa = PBXBuildFile; fileRef = B0D09EB61AD30389006D028B /* ViewController.m */; };
		B0D09EBA1AD30389006D028B /* Main.storyboard in Resources */ = {isa = PBXBuildFile; fileRef = B0D09EB81AD30389006D028B /* Main.storyboard */; };
		B0D09EBC1AD30389006D028B /* Images.xcassets in Resources */ = {isa = PBXBuildFile; fileRef = B0D09EBB1AD30389006D028B /* Images.xcassets */; };
		B0D09EBF1AD30389006D028B /* LaunchScreen.xib in Resources */ = {isa = PBXBuildFile; fileRef = B0D09EBD1AD30389006D028B /* LaunchScreen.xib */; };
		B0D09ECB1AD30389006D028B /* L01Tests.m in Sources */ = {isa = PBXBuildFile; fileRef = B0D09ECA1AD30389006D028B /* L01Tests.m */; };
		B0D09ED61AD30497006D028B /* RootViewController.m in Sources */ = {isa = PBXBuildFile; fileRef = B0D09ED51AD30497006D028B /* RootViewController.m */; };
		B0D09ED91AD30EB3006D028B /* MyFridgeViewController.m in Sources */ = {isa = PBXBuildFile; fileRef = B0D09ED81AD30EB3006D028B /* MyFridgeViewController.m */; };
		B0D09EDC1AD30ECF006D028B /* MealViewController.m in Sources */ = {isa = PBXBuildFile; fileRef = B0D09EDB1AD30ECF006D028B /* MealViewController.m */; };
		B0D09EDF1AD30EE8006D028B /* CartViewController.m in Sources */ = {isa = PBXBuildFile; fileRef = B0D09EDE1AD30EE8006D028B /* CartViewController.m */; };
		B0D09EE21AD30EF9006D028B /* MoreViewController.m in Sources */ = {isa = PBXBuildFile; fileRef = B0D09EE11AD30EF9006D028B /* MoreViewController.m */; };
		B0D09EE51AD32F36006D028B /* InputViewController.m in Sources */ = {isa = PBXBuildFile; fileRef = B0D09EE41AD32F36006D028B /* InputViewController.m */; };
		B0D09EE81AD34A8D006D028B /* PushViewController.m in Sources */ = {isa = PBXBuildFile; fileRef = B0D09EE71AD34A8D006D028B /* PushViewController.m */; };
/* End PBXBuildFile section */

/* Begin PBXContainerItemProxy section */
		B0D09EC51AD30389006D028B /* PBXContainerItemProxy */ = {
			isa = PBXContainerItemProxy;
			containerPortal = B0D09EA31AD30389006D028B /* Project object */;
			proxyType = 1;
			remoteGlobalIDString = B0D09EAA1AD30389006D028B;
			remoteInfo = L01;
		};
/* End PBXContainerItemProxy section */

/* Begin PBXFileReference section */
		B06E73761AECA14F001954E5 /* Bolts.framework */ = {isa = PBXFileReference; lastKnownFileType = wrapper.framework; name = Bolts.framework; path = ../../../../Documents/FacebookSDK/Bolts.framework; sourceTree = "<group>"; };
		B06E73771AECA14F001954E5 /* FBSDKCoreKit.framework */ = {isa = PBXFileReference; lastKnownFileType = wrapper.framework; name = FBSDKCoreKit.framework; path = ../../../../Documents/FacebookSDK/FBSDKCoreKit.framework; sourceTree = "<group>"; };
		B06E73781AECA14F001954E5 /* FBSDKLoginKit.framework */ = {isa = PBXFileReference; lastKnownFileType = wrapper.framework; name = FBSDKLoginKit.framework; path = ../../../../Documents/FacebookSDK/FBSDKLoginKit.framework; sourceTree = "<group>"; };
		B06E73791AECA14F001954E5 /* FBSDKShareKit.framework */ = {isa = PBXFileReference; lastKnownFileType = wrapper.framework; name = FBSDKShareKit.framework; path = ../../../../Documents/FacebookSDK/FBSDKShareKit.framework; sourceTree = "<group>"; };
		B06E737E1AECA948001954E5 /* DetailsViewController.h */ = {isa = PBXFileReference; fileEncoding = 4; lastKnownFileType = sourcecode.c.h; path = DetailsViewController.h; sourceTree = "<group>"; };
		B06E737F1AECA948001954E5 /* DetailsViewController.m */ = {isa = PBXFileReference; fileEncoding = 4; lastKnownFileType = sourcecode.c.objc; path = DetailsViewController.m; sourceTree = "<group>"; };
		B078978D1AECD2A800002EC4 /* 1.jpg */ = {isa = PBXFileReference; lastKnownFileType = image.jpeg; name = 1.jpg; path = "../../../../cmu/08766 Pervasive/fresh project/recipe/1.jpg"; sourceTree = "<group>"; };
		B078978E1AECD2A800002EC4 /* 2.jpg */ = {isa = PBXFileReference; lastKnownFileType = image.jpeg; name = 2.jpg; path = "../../../../cmu/08766 Pervasive/fresh project/recipe/2.jpg"; sourceTree = "<group>"; };
		B078978F1AECD2A800002EC4 /* 3.jpg */ = {isa = PBXFileReference; lastKnownFileType = image.jpeg; name = 3.jpg; path = "../../../../cmu/08766 Pervasive/fresh project/recipe/3.jpg"; sourceTree = "<group>"; };
		B07897901AECD2A800002EC4 /* 4.jpg */ = {isa = PBXFileReference; lastKnownFileType = image.jpeg; name = 4.jpg; path = "../../../../cmu/08766 Pervasive/fresh project/recipe/4.jpg"; sourceTree = "<group>"; };
		B07897911AECD2A800002EC4 /* 5.jpg */ = {isa = PBXFileReference; lastKnownFileType = image.jpeg; name = 5.jpg; path = "../../../../cmu/08766 Pervasive/fresh project/recipe/5.jpg"; sourceTree = "<group>"; };
		B07897981AECD33700002EC4 /* left_disable.png */ = {isa = PBXFileReference; lastKnownFileType = image.png; name = left_disable.png; path = "../../../../cmu/08766 Pervasive/fresh project/arrow/left_disable.imageset/left_disable.png"; sourceTree = "<group>"; };
		B078979A1AECD34000002EC4 /* left_highlighted.png */ = {isa = PBXFileReference; lastKnownFileType = image.png; name = left_highlighted.png; path = "../../../../cmu/08766 Pervasive/fresh project/arrow/left_highlighted.imageset/left_highlighted.png"; sourceTree = "<group>"; };
		B078979C1AECD34700002EC4 /* left_normal.png */ = {isa = PBXFileReference; lastKnownFileType = image.png; name = left_normal.png; path = "../../../../cmu/08766 Pervasive/fresh project/arrow/left_normal.imageset/left_normal.png"; sourceTree = "<group>"; };
		B078979E1AECD34F00002EC4 /* right_disable.png */ = {isa = PBXFileReference; lastKnownFileType = image.png; name = right_disable.png; path = "../../../../cmu/08766 Pervasive/fresh project/arrow/right_disable.imageset/right_disable.png"; sourceTree = "<group>"; };
		B07897A01AECD35600002EC4 /* right_highlighted.png */ = {isa = PBXFileReference; lastKnownFileType = image.png; name = right_highlighted.png; path = "../../../../cmu/08766 Pervasive/fresh project/arrow/right_highlighted.imageset/right_highlighted.png"; sourceTree = "<group>"; };
		B07897A21AECD35D00002EC4 /* right_normal.png */ = {isa = PBXFileReference; lastKnownFileType = image.png; name = right_normal.png; path = "../../../../cmu/08766 Pervasive/fresh project/arrow/right_normal.imageset/right_normal.png"; sourceTree = "<group>"; };
		B07897A41AECD44E00002EC4 /* imageDate.plist */ = {isa = PBXFileReference; fileEncoding = 4; lastKnownFileType = text.plist.xml; name = imageDate.plist; path = "../../../../../../Downloads/003-图片浏览器/003-图片浏览器/imageDate.plist"; sourceTree = "<group>"; };
		B0D09EAB1AD30389006D028B /* L01.app */ = {isa = PBXFileReference; explicitFileType = wrapper.application; includeInIndex = 0; path = L01.app; sourceTree = BUILT_PRODUCTS_DIR; };
		B0D09EAF1AD30389006D028B /* Info.plist */ = {isa = PBXFileReference; lastKnownFileType = text.plist.xml; path = Info.plist; sourceTree = "<group>"; };
		B0D09EB01AD30389006D028B /* main.m */ = {isa = PBXFileReference; lastKnownFileType = sourcecode.c.objc; path = main.m; sourceTree = "<group>"; };
		B0D09EB21AD30389006D028B /* AppDelegate.h */ = {isa = PBXFileReference; lastKnownFileType = sourcecode.c.h; path = AppDelegate.h; sourceTree = "<group>"; };
		B0D09EB31AD30389006D028B /* AppDelegate.m */ = {isa = PBXFileReference; lastKnownFileType = sourcecode.c.objc; path = AppDelegate.m; sourceTree = "<group>"; };
		B0D09EB51AD30389006D028B /* ViewController.h */ = {isa = PBXFileReference; lastKnownFileType = sourcecode.c.h; path = ViewController.h; sourceTree = "<group>"; };
		B0D09EB61AD30389006D028B /* ViewController.m */ = {isa = PBXFileReference; lastKnownFileType = sourcecode.c.objc; path = ViewController.m; sourceTree = "<group>"; };
		B0D09EB91AD30389006D028B /* Base */ = {isa = PBXFileReference; lastKnownFileType = file.storyboard; name = Base; path = Base.lproj/Main.storyboard; sourceTree = "<group>"; };
		B0D09EBB1AD30389006D028B /* Images.xcassets */ = {isa = PBXFileReference; lastKnownFileType = folder.assetcatalog; path = Images.xcassets; sourceTree = "<group>"; };
		B0D09EBE1AD30389006D028B /* Base */ = {isa = PBXFileReference; lastKnownFileType = file.xib; name = Base; path = Base.lproj/LaunchScreen.xib; sourceTree = "<group>"; };
		B0D09EC41AD30389006D028B /* L01Tests.xctest */ = {isa = PBXFileReference; explicitFileType = wrapper.cfbundle; includeInIndex = 0; path = L01Tests.xctest; sourceTree = BUILT_PRODUCTS_DIR; };
		B0D09EC91AD30389006D028B /* Info.plist */ = {isa = PBXFileReference; lastKnownFileType = text.plist.xml; path = Info.plist; sourceTree = "<group>"; };
		B0D09ECA1AD30389006D028B /* L01Tests.m */ = {isa = PBXFileReference; lastKnownFileType = sourcecode.c.objc; path = L01Tests.m; sourceTree = "<group>"; };
		B0D09ED41AD30497006D028B /* RootViewController.h */ = {isa = PBXFileReference; fileEncoding = 4; lastKnownFileType = sourcecode.c.h; path = RootViewController.h; sourceTree = "<group>"; };
		B0D09ED51AD30497006D028B /* RootViewController.m */ = {isa = PBXFileReference; fileEncoding = 4; lastKnownFileType = sourcecode.c.objc; path = RootViewController.m; sourceTree = "<group>"; };
		B0D09ED71AD30EB3006D028B /* MyFridgeViewController.h */ = {isa = PBXFileReference; fileEncoding = 4; lastKnownFileType = sourcecode.c.h; path = MyFridgeViewController.h; sourceTree = "<group>"; };
		B0D09ED81AD30EB3006D028B /* MyFridgeViewController.m */ = {isa = PBXFileReference; fileEncoding = 4; lastKnownFileType = sourcecode.c.objc; path = MyFridgeViewController.m; sourceTree = "<group>"; };
		B0D09EDA1AD30ECF006D028B /* MealViewController.h */ = {isa = PBXFileReference; fileEncoding = 4; lastKnownFileType = sourcecode.c.h; path = MealViewController.h; sourceTree = "<group>"; };
		B0D09EDB1AD30ECF006D028B /* MealViewController.m */ = {isa = PBXFileReference; fileEncoding = 4; lastKnownFileType = sourcecode.c.objc; path = MealViewController.m; sourceTree = "<group>"; };
		B0D09EDD1AD30EE8006D028B /* CartViewController.h */ = {isa = PBXFileReference; fileEncoding = 4; lastKnownFileType = sourcecode.c.h; path = CartViewController.h; sourceTree = "<group>"; };
		B0D09EDE1AD30EE8006D028B /* CartViewController.m */ = {isa = PBXFileReference; fileEncoding = 4; lastKnownFileType = sourcecode.c.objc; path = CartViewController.m; sourceTree = "<group>"; };
		B0D09EE01AD30EF9006D028B /* MoreViewController.h */ = {isa = PBXFileReference; fileEncoding = 4; lastKnownFileType = sourcecode.c.h; path = MoreViewController.h; sourceTree = "<group>"; };
		B0D09EE11AD30EF9006D028B /* MoreViewController.m */ = {isa = PBXFileReference; fileEncoding = 4; lastKnownFileType = sourcecode.c.objc; path = MoreViewController.m; sourceTree = "<group>"; };
		B0D09EE31AD32F36006D028B /* InputViewController.h */ = {isa = PBXFileReference; fileEncoding = 4; lastKnownFileType = sourcecode.c.h; path = InputViewController.h; sourceTree = "<group>"; };
		B0D09EE41AD32F36006D028B /* InputViewController.m */ = {isa = PBXFileReference; fileEncoding = 4; lastKnownFileType = sourcecode.c.objc; path = InputViewController.m; sourceTree = "<group>"; };
		B0D09EE61AD34A8D006D028B /* PushViewController.h */ = {isa = PBXFileReference; fileEncoding = 4; lastKnownFileType = sourcecode.c.h; path = PushViewController.h; sourceTree = "<group>"; };
		B0D09EE71AD34A8D006D028B /* PushViewController.m */ = {isa = PBXFileReference; fileEncoding = 4; lastKnownFileType = sourcecode.c.objc; path = PushViewController.m; sourceTree = "<group>"; };
/* End PBXFileReference section */

/* Begin PBXFrameworksBuildPhase section */
		B0D09EA81AD30389006D028B /* Frameworks */ = {
			isa = PBXFrameworksBuildPhase;
			buildActionMask = 2147483647;
			files = (
				B06E737D1AECA14F001954E5 /* FBSDKShareKit.framework in Frameworks */,
				B06E737A1AECA14F001954E5 /* Bolts.framework in Frameworks */,
				B06E737B1AECA14F001954E5 /* FBSDKCoreKit.framework in Frameworks */,
				B06E737C1AECA14F001954E5 /* FBSDKLoginKit.framework in Frameworks */,
			);
			runOnlyForDeploymentPostprocessing = 0;
		};
		B0D09EC11AD30389006D028B /* Frameworks */ = {
			isa = PBXFrameworksBuildPhase;
			buildActionMask = 2147483647;
			files = (
			);
			runOnlyForDeploymentPostprocessing = 0;
		};
/* End PBXFrameworksBuildPhase section */

/* Begin PBXGroup section */
		B06E73751AECA13E001954E5 /* FrameWork */ = {
			isa = PBXGroup;
			children = (
				B06E73761AECA14F001954E5 /* Bolts.framework */,
				B06E73771AECA14F001954E5 /* FBSDKCoreKit.framework */,
				B06E73781AECA14F001954E5 /* FBSDKLoginKit.framework */,
				B06E73791AECA14F001954E5 /* FBSDKShareKit.framework */,
			);
			name = FrameWork;
			path = ..;
			sourceTree = "<group>";
		};
		B07897971AECD32800002EC4 /* arrow */ = {
			isa = PBXGroup;
			children = (
				B07897A21AECD35D00002EC4 /* right_normal.png */,
				B07897A01AECD35600002EC4 /* right_highlighted.png */,
				B078979E1AECD34F00002EC4 /* right_disable.png */,
				B078979C1AECD34700002EC4 /* left_normal.png */,
				B078979A1AECD34000002EC4 /* left_highlighted.png */,
				B07897981AECD33700002EC4 /* left_disable.png */,
			);
			name = arrow;
			sourceTree = "<group>";
		};
		B0D09EA21AD30389006D028B = {
			isa = PBXGroup;
			children = (
				B07897971AECD32800002EC4 /* arrow */,
				B078978D1AECD2A800002EC4 /* 1.jpg */,
				B078978E1AECD2A800002EC4 /* 2.jpg */,
				B078978F1AECD2A800002EC4 /* 3.jpg */,
				B07897901AECD2A800002EC4 /* 4.jpg */,
				B07897911AECD2A800002EC4 /* 5.jpg */,
				B06E73751AECA13E001954E5 /* FrameWork */,
				B0D09EAD1AD30389006D028B /* L01 */,
				B0D09EC71AD30389006D028B /* L01Tests */,
				B0D09EAC1AD30389006D028B /* Products */,
			);
			sourceTree = "<group>";
		};
		B0D09EAC1AD30389006D028B /* Products */ = {
			isa = PBXGroup;
			children = (
				B0D09EAB1AD30389006D028B /* L01.app */,
				B0D09EC41AD30389006D028B /* L01Tests.xctest */,
			);
			name = Products;
			sourceTree = "<group>";
		};
		B0D09EAD1AD30389006D028B /* L01 */ = {
			isa = PBXGroup;
			children = (
				B0D09EB21AD30389006D028B /* AppDelegate.h */,
				B0D09EB31AD30389006D028B /* AppDelegate.m */,
				B0D09EB51AD30389006D028B /* ViewController.h */,
				B0D09EB61AD30389006D028B /* ViewController.m */,
				B0D09EB81AD30389006D028B /* Main.storyboard */,
				B0D09EBB1AD30389006D028B /* Images.xcassets */,
				B0D09EBD1AD30389006D028B /* LaunchScreen.xib */,
				B0D09EAE1AD30389006D028B /* Supporting Files */,
				B0D09ED41AD30497006D028B /* RootViewController.h */,
				B0D09ED51AD30497006D028B /* RootViewController.m */,
				B06E737E1AECA948001954E5 /* DetailsViewController.h */,
				B06E737F1AECA948001954E5 /* DetailsViewController.m */,
				B0D09ED71AD30EB3006D028B /* MyFridgeViewController.h */,
				B0D09ED81AD30EB3006D028B /* MyFridgeViewController.m */,
				B0D09EE31AD32F36006D028B /* InputViewController.h */,
				B0D09EE41AD32F36006D028B /* InputViewController.m */,
				B0D09EDA1AD30ECF006D028B /* MealViewController.h */,
				B0D09EDB1AD30ECF006D028B /* MealViewController.m */,
				B0D09EDD1AD30EE8006D028B /* CartViewController.h */,
				B0D09EDE1AD30EE8006D028B /* CartViewController.m */,
				B0D09EE01AD30EF9006D028B /* MoreViewController.h */,
				B0D09EE11AD30EF9006D028B /* MoreViewController.m */,
				B0D09EE61AD34A8D006D028B /* PushViewController.h */,
				B0D09EE71AD34A8D006D028B /* PushViewController.m */,
			);
			path = L01;
			sourceTree = "<group>";
		};
		B0D09EAE1AD30389006D028B /* Supporting Files */ = {
			isa = PBXGroup;
			children = (
				B07897A41AECD44E00002EC4 /* imageDate.plist */,
				B0D09EAF1AD30389006D028B /* Info.plist */,
				B0D09EB01AD30389006D028B /* main.m */,
			);
			name = "Supporting Files";
			sourceTree = "<group>";
		};
		B0D09EC71AD30389006D028B /* L01Tests */ = {
			isa = PBXGroup;
			children = (
				B0D09ECA1AD30389006D028B /* L01Tests.m */,
				B0D09EC81AD30389006D028B /* Supporting Files */,
			);
			path = L01Tests;
			sourceTree = "<group>";
		};
		B0D09EC81AD30389006D028B /* Supporting Files */ = {
			isa = PBXGroup;
			children = (
				B0D09EC91AD30389006D028B /* Info.plist */,
			);
			name = "Supporting Files";
			sourceTree = "<group>";
		};
/* End PBXGroup section */

/* Begin PBXNativeTarget section */
		B0D09EAA1AD30389006D028B /* L01 */ = {
			isa = PBXNativeTarget;
			buildConfigurationList = B0D09ECE1AD30389006D028B /* Build configuration list for PBXNativeTarget "L01" */;
			buildPhases = (
				B0D09EA71AD30389006D028B /* Sources */,
				B0D09EA81AD30389006D028B /* Frameworks */,
				B0D09EA91AD30389006D028B /* Resources */,
			);
			buildRules = (
			);
			dependencies = (
			);
			name = L01;
			productName = L01;
			productReference = B0D09EAB1AD30389006D028B /* L01.app */;
			productType = "com.apple.product-type.application";
		};
		B0D09EC31AD30389006D028B /* L01Tests */ = {
			isa = PBXNativeTarget;
			buildConfigurationList = B0D09ED11AD30389006D028B /* Build configuration list for PBXNativeTarget "L01Tests" */;
			buildPhases = (
				B0D09EC01AD30389006D028B /* Sources */,
				B0D09EC11AD30389006D028B /* Frameworks */,
				B0D09EC21AD30389006D028B /* Resources */,
			);
			buildRules = (
			);
			dependencies = (
				B0D09EC61AD30389006D028B /* PBXTargetDependency */,
			);
			name = L01Tests;
			productName = L01Tests;
			productReference = B0D09EC41AD30389006D028B /* L01Tests.xctest */;
			productType = "com.apple.product-type.bundle.unit-test";
		};
/* End PBXNativeTarget section */

/* Begin PBXProject section */
		B0D09EA31AD30389006D028B /* Project object */ = {
			isa = PBXProject;
			attributes = {
				LastUpgradeCheck = 0610;
				ORGANIZATIONNAME = steven;
				TargetAttributes = {
					B0D09EAA1AD30389006D028B = {
						CreatedOnToolsVersion = 6.1.1;
					};
					B0D09EC31AD30389006D028B = {
						CreatedOnToolsVersion = 6.1.1;
						TestTargetID = B0D09EAA1AD30389006D028B;
					};
				};
			};
			buildConfigurationList = B0D09EA61AD30389006D028B /* Build configuration list for PBXProject "L01" */;
			compatibilityVersion = "Xcode 3.2";
			developmentRegion = English;
			hasScannedForEncodings = 0;
			knownRegions = (
				en,
				Base,
			);
			mainGroup = B0D09EA21AD30389006D028B;
			productRefGroup = B0D09EAC1AD30389006D028B /* Products */;
			projectDirPath = "";
			projectRoot = "";
			targets = (
				B0D09EAA1AD30389006D028B /* L01 */,
				B0D09EC31AD30389006D028B /* L01Tests */,
			);
		};
/* End PBXProject section */

/* Begin PBXResourcesBuildPhase section */
		B0D09EA91AD30389006D028B /* Resources */ = {
			isa = PBXResourcesBuildPhase;
			buildActionMask = 2147483647;
			files = (
				B0D09EBA1AD30389006D028B /* Main.storyboard in Resources */,
				B07897991AECD33700002EC4 /* left_disable.png in Resources */,
				B07897961AECD2A800002EC4 /* 5.jpg in Resources */,
				B07897A31AECD35D00002EC4 /* right_normal.png in Resources */,
				B07897A51AECD44E00002EC4 /* imageDate.plist in Resources */,
				B07897951AECD2A800002EC4 /* 4.jpg in Resources */,
				B07897921AECD2A800002EC4 /* 1.jpg in Resources */,
				B078979F1AECD34F00002EC4 /* right_disable.png in Resources */,
				B07897931AECD2A800002EC4 /* 2.jpg in Resources */,
				B07897A11AECD35600002EC4 /* right_highlighted.png in Resources */,
				B07897941AECD2A800002EC4 /* 3.jpg in Resources */,
				B0D09EBF1AD30389006D028B /* LaunchScreen.xib in Resources */,
				B078979D1AECD34700002EC4 /* left_normal.png in Resources */,
				B078979B1AECD34000002EC4 /* left_highlighted.png in Resources */,
				B0D09EBC1AD30389006D028B /* Images.xcassets in Resources */,
			);
			runOnlyForDeploymentPostprocessing = 0;
		};
		B0D09EC21AD30389006D028B /* Resources */ = {
			isa = PBXResourcesBuildPhase;
			buildActionMask = 2147483647;
			files = (
			);
			runOnlyForDeploymentPostprocessing = 0;
		};
/* End PBXResourcesBuildPhase section */

/* Begin PBXSourcesBuildPhase section */
		B0D09EA71AD30389006D028B /* Sources */ = {
			isa = PBXSourcesBuildPhase;
			buildActionMask = 2147483647;
			files = (
				B0D09ED91AD30EB3006D028B /* MyFridgeViewController.m in Sources */,
				B0D09EE21AD30EF9006D028B /* MoreViewController.m in Sources */,
				B06E73801AECA948001954E5 /* DetailsViewController.m in Sources */,
				B0D09EB71AD30389006D028B /* ViewController.m in Sources */,
				B0D09EB41AD30389006D028B /* AppDelegate.m in Sources */,
				B0D09ED61AD30497006D028B /* RootViewController.m in Sources */,
				B0D09EB11AD30389006D028B /* main.m in Sources */,
				B0D09EE81AD34A8D006D028B /* PushViewController.m in Sources */,
				B0D09EDF1AD30EE8006D028B /* CartViewController.m in Sources */,
				B0D09EE51AD32F36006D028B /* InputViewController.m in Sources */,
				B0D09EDC1AD30ECF006D028B /* MealViewController.m in Sources */,
			);
			runOnlyForDeploymentPostprocessing = 0;
		};
		B0D09EC01AD30389006D028B /* Sources */ = {
			isa = PBXSourcesBuildPhase;
			buildActionMask = 2147483647;
			files = (
				B0D09ECB1AD30389006D028B /* L01Tests.m in Sources */,
			);
			runOnlyForDeploymentPostprocessing = 0;
		};
/* End PBXSourcesBuildPhase section */

/* Begin PBXTargetDependency section */
		B0D09EC61AD30389006D028B /* PBXTargetDependency */ = {
			isa = PBXTargetDependency;
			target = B0D09EAA1AD30389006D028B /* L01 */;
			targetProxy = B0D09EC51AD30389006D028B /* PBXContainerItemProxy */;
		};
/* End PBXTargetDependency section */

/* Begin PBXVariantGroup section */
		B0D09EB81AD30389006D028B /* Main.storyboard */ = {
			isa = PBXVariantGroup;
			children = (
				B0D09EB91AD30389006D028B /* Base */,
			);
			name = Main.storyboard;
			sourceTree = "<group>";
		};
		B0D09EBD1AD30389006D028B /* LaunchScreen.xib */ = {
			isa = PBXVariantGroup;
			children = (
				B0D09EBE1AD30389006D028B /* Base */,
			);
			name = LaunchScreen.xib;
			sourceTree = "<group>";
		};
/* End PBXVariantGroup section */

/* Begin XCBuildConfiguration section */
		B0D09ECC1AD30389006D028B /* Debug */ = {
			isa = XCBuildConfiguration;
			buildSettings = {
				ALWAYS_SEARCH_USER_PATHS = NO;
				CLANG_CXX_LANGUAGE_STANDARD = "gnu++0x";
				CLANG_CXX_LIBRARY = "libc++";
				CLANG_ENABLE_MODULES = YES;
				CLANG_ENABLE_OBJC_ARC = YES;
				CLANG_WARN_BOOL_CONVERSION = YES;
				CLANG_WARN_CONSTANT_CONVERSION = YES;
				CLANG_WARN_DIRECT_OBJC_ISA_USAGE = YES_ERROR;
				CLANG_WARN_EMPTY_BODY = YES;
				CLANG_WARN_ENUM_CONVERSION = YES;
				CLANG_WARN_INT_CONVERSION = YES;
				CLANG_WARN_OBJC_ROOT_CLASS = YES_ERROR;
				CLANG_WARN_UNREACHABLE_CODE = YES;
				CLANG_WARN__DUPLICATE_METHOD_MATCH = YES;
				"CODE_SIGN_IDENTITY[sdk=iphoneos*]" = "iPhone Developer";
				COPY_PHASE_STRIP = NO;
				ENABLE_STRICT_OBJC_MSGSEND = YES;
				GCC_C_LANGUAGE_STANDARD = gnu99;
				GCC_DYNAMIC_NO_PIC = NO;
				GCC_OPTIMIZATION_LEVEL = 0;
				GCC_PREPROCESSOR_DEFINITIONS = (
					"DEBUG=1",
					"$(inherited)",
				);
				GCC_SYMBOLS_PRIVATE_EXTERN = NO;
				GCC_WARN_64_TO_32_BIT_CONVERSION = YES;
				GCC_WARN_ABOUT_RETURN_TYPE = YES_ERROR;
				GCC_WARN_UNDECLARED_SELECTOR = YES;
				GCC_WARN_UNINITIALIZED_AUTOS = YES_AGGRESSIVE;
				GCC_WARN_UNUSED_FUNCTION = YES;
				GCC_WARN_UNUSED_VARIABLE = YES;
				IPHONEOS_DEPLOYMENT_TARGET = 8.1;
				MTL_ENABLE_DEBUG_INFO = YES;
				ONLY_ACTIVE_ARCH = YES;
				SDKROOT = iphoneos;
			};
			name = Debug;
		};
		B0D09ECD1AD30389006D028B /* Release */ = {
			isa = XCBuildConfiguration;
			buildSettings = {
				ALWAYS_SEARCH_USER_PATHS = NO;
				CLANG_CXX_LANGUAGE_STANDARD = "gnu++0x";
				CLANG_CXX_LIBRARY = "libc++";
				CLANG_ENABLE_MODULES = YES;
				CLANG_ENABLE_OBJC_ARC = YES;
				CLANG_WARN_BOOL_CONVERSION = YES;
				CLANG_WARN_CONSTANT_CONVERSION = YES;
				CLANG_WARN_DIRECT_OBJC_ISA_USAGE = YES_ERROR;
				CLANG_WARN_EMPTY_BODY = YES;
				CLANG_WARN_ENUM_CONVERSION = YES;
				CLANG_WARN_INT_CONVERSION = YES;
				CLANG_WARN_OBJC_ROOT_CLASS = YES_ERROR;
				CLANG_WARN_UNREACHABLE_CODE = YES;
				CLANG_WARN__DUPLICATE_METHOD_MATCH = YES;
				"CODE_SIGN_IDENTITY[sdk=iphoneos*]" = "iPhone Developer";
				COPY_PHASE_STRIP = YES;
				ENABLE_NS_ASSERTIONS = NO;
				ENABLE_STRICT_OBJC_MSGSEND = YES;
				GCC_C_LANGUAGE_STANDARD = gnu99;
				GCC_WARN_64_TO_32_BIT_CONVERSION = YES;
				GCC_WARN_ABOUT_RETURN_TYPE = YES_ERROR;
				GCC_WARN_UNDECLARED_SELECTOR = YES;
				GCC_WARN_UNINITIALIZED_AUTOS = YES_AGGRESSIVE;
				GCC_WARN_UNUSED_FUNCTION = YES;
				GCC_WARN_UNUSED_VARIABLE = YES;
				IPHONEOS_DEPLOYMENT_TARGET = 8.1;
				MTL_ENABLE_DEBUG_INFO = NO;
				SDKROOT = iphoneos;
				VALIDATE_PRODUCT = YES;
			};
			name = Release;
		};
		B0D09ECF1AD30389006D028B /* Debug */ = {
			isa = XCBuildConfiguration;
			buildSettings = {
				ASSETCATALOG_COMPILER_APPICON_NAME = AppIcon;
				CLANG_ENABLE_MODULES = YES;
				FRAMEWORK_SEARCH_PATHS = (
					"$(inherited)",
					/Users/steven/Documents/FacebookSDK,
				);
				INFOPLIST_FILE = L01/Info.plist;
				LD_RUNPATH_SEARCH_PATHS = "$(inherited) @executable_path/Frameworks";
				PRODUCT_NAME = "$(TARGET_NAME)";
			};
			name = Debug;
		};
		B0D09ED01AD30389006D028B /* Release */ = {
			isa = XCBuildConfiguration;
			buildSettings = {
				ASSETCATALOG_COMPILER_APPICON_NAME = AppIcon;
				CLANG_ENABLE_MODULES = YES;
				FRAMEWORK_SEARCH_PATHS = (
					"$(inherited)",
					/Users/steven/Documents/FacebookSDK,
				);
				INFOPLIST_FILE = L01/Info.plist;
				LD_RUNPATH_SEARCH_PATHS = "$(inherited) @executable_path/Frameworks";
				PRODUCT_NAME = "$(TARGET_NAME)";
			};
			name = Release;
		};
		B0D09ED21AD30389006D028B /* Debug */ = {
			isa = XCBuildConfiguration;
			buildSettings = {
				BUNDLE_LOADER = "$(TEST_HOST)";
				FRAMEWORK_SEARCH_PATHS = (
					"$(SDKROOT)/Developer/Library/Frameworks",
					"$(inherited)",
				);
				GCC_PREPROCESSOR_DEFINITIONS = (
					"DEBUG=1",
					"$(inherited)",
				);
				INFOPLIST_FILE = L01Tests/Info.plist;
				LD_RUNPATH_SEARCH_PATHS = "$(inherited) @executable_path/Frameworks @loader_path/Frameworks";
				PRODUCT_NAME = "$(TARGET_NAME)";
				TEST_HOST = "$(BUILT_PRODUCTS_DIR)/L01.app/L01";
			};
			name = Debug;
		};
		B0D09ED31AD30389006D028B /* Release */ = {
			isa = XCBuildConfiguration;
			buildSettings = {
				BUNDLE_LOADER = "$(TEST_HOST)";
				FRAMEWORK_SEARCH_PATHS = (
					"$(SDKROOT)/Developer/Library/Frameworks",
					"$(inherited)",
				);
				INFOPLIST_FILE = L01Tests/Info.plist;
				LD_RUNPATH_SEARCH_PATHS = "$(inherited) @executable_path/Frameworks @loader_path/Frameworks";
				PRODUCT_NAME = "$(TARGET_NAME)";
				TEST_HOST = "$(BUILT_PRODUCTS_DIR)/L01.app/L01";
			};
			name = Release;
		};
/* End XCBuildConfiguration section */

/* Begin XCConfigurationList section */
		B0D09EA61AD30389006D028B /* Build configuration list for PBXProject "L01" */ = {
			isa = XCConfigurationList;
			buildConfigurations = (
				B0D09ECC1AD30389006D028B /* Debug */,
				B0D09ECD1AD30389006D028B /* Release */,
			);
			defaultConfigurationIsVisible = 0;
			defaultConfigurationName = Release;
		};
		B0D09ECE1AD30389006D028B /* Build configuration list for PBXNativeTarget "L01" */ = {
			isa = XCConfigurationList;
			buildConfigurations = (
				B0D09ECF1AD30389006D028B /* Debug */,
				B0D09ED01AD30389006D028B /* Release */,
			);
			defaultConfigurationIsVisible = 0;
			defaultConfigurationName = Release;
		};
		B0D09ED11AD30389006D028B /* Build configuration list for PBXNativeTarget "L01Tests" */ = {
			isa = XCConfigurationList;
			buildConfigurations = (
				B0D09ED21AD30389006D028B /* Debug */,
				B0D09ED31AD30389006D028B /* Release */,
			);
			defaultConfigurationIsVisible = 0;
			defaultConfigurationName = Release;
		};
/* End XCConfigurationList section */
	};
	rootObject = B0D09EA31AD30389006D028B /* Project object */;
}
